{
    "_readme": [
        "This file locks the dependencies of your project to a known state",
        "Read more about it at https://getcomposer.org/doc/01-basic-usage.md#installing-dependencies",
        "This file is @generated automatically"
    ],
    "content-hash": "7f5e67d3334f7a5eb9ade0c6086c7cb1",
    "packages": [
        {
            "name": "getkirby/composer-installer",
            "version": "1.2.1",
            "source": {
                "type": "git",
                "url": "https://github.com/getkirby/composer-installer.git",
                "reference": "c98ece30bfba45be7ce457e1102d1b169d922f3d"
            },
            "dist": {
                "type": "zip",
                "url": "https://api.github.com/repos/getkirby/composer-installer/zipball/c98ece30bfba45be7ce457e1102d1b169d922f3d",
                "reference": "c98ece30bfba45be7ce457e1102d1b169d922f3d",
                "shasum": ""
            },
            "require": {
                "composer-plugin-api": "^1.0 || ^2.0"
            },
            "require-dev": {
                "composer/composer": "^1.8 || ^2.0"
            },
            "type": "composer-plugin",
            "extra": {
                "class": "Kirby\\ComposerInstaller\\Plugin"
            },
            "autoload": {
                "psr-4": {
                    "Kirby\\": "src/"
                }
            },
            "notification-url": "https://packagist.org/downloads/",
            "license": [
                "MIT"
            ],
            "description": "Kirby's custom Composer installer for the Kirby CMS and for Kirby plugins",
            "homepage": "https://getkirby.com",
            "support": {
                "issues": "https://github.com/getkirby/composer-installer/issues",
                "source": "https://github.com/getkirby/composer-installer/tree/1.2.1"
            },
            "funding": [
                {
                    "url": "https://getkirby.com/buy",
                    "type": "custom"
                }
            ],
            "time": "2020-12-28T12:54:39+00:00"
        },
        {
            "name": "mrclay/jsmin-php",
            "version": "2.4.3",
            "source": {
                "type": "git",
                "url": "https://github.com/mrclay/jsmin-php.git",
                "reference": "49feaa85933458c15bb62ae65644bf22d60b7610"
            },
            "dist": {
                "type": "zip",
                "url": "https://api.github.com/repos/mrclay/jsmin-php/zipball/49feaa85933458c15bb62ae65644bf22d60b7610",
                "reference": "49feaa85933458c15bb62ae65644bf22d60b7610",
                "shasum": ""
            },
            "require": {
                "ext-pcre": "*",
                "php": ">=5.3.0"
            },
            "require-dev": {
                "phpunit/phpunit": "^4.8.36|^9.5.26"
            },
            "type": "library",
            "autoload": {
                "psr-0": {
                    "JSMin\\": "src/"
                }
            },
            "notification-url": "https://packagist.org/downloads/",
            "license": [
                "MIT"
            ],
            "authors": [
                {
                    "name": "Stephen Clay",
                    "email": "steve@mrclay.org",
                    "role": "Developer"
                },
                {
                    "name": "Ryan Grove",
                    "email": "ryan@wonko.com",
                    "role": "Developer"
                }
            ],
            "description": "Provides a modified port of Douglas Crockford's jsmin.c, which removes unnecessary whitespace from JavaScript files.",
            "homepage": "https://github.com/mrclay/jsmin-php/",
            "keywords": [
                "compress",
                "jsmin",
                "minify"
            ],
            "support": {
                "email": "minify@googlegroups.com",
                "issues": "https://github.com/mrclay/jsmin-php/issues",
                "source": "https://github.com/mrclay/jsmin-php/tree/2.4.3"
            },
            "time": "2022-12-13T20:15:15+00:00"
        },
        {
            "name": "symfony/deprecation-contracts",
            "version": "v3.6.0",
            "source": {
                "type": "git",
                "url": "https://github.com/symfony/deprecation-contracts.git",
                "reference": "63afe740e99a13ba87ec199bb07bbdee937a5b62"
            },
            "dist": {
                "type": "zip",
                "url": "https://api.github.com/repos/symfony/deprecation-contracts/zipball/63afe740e99a13ba87ec199bb07bbdee937a5b62",
                "reference": "63afe740e99a13ba87ec199bb07bbdee937a5b62",
                "shasum": ""
            },
            "require": {
                "php": ">=8.1"
            },
            "type": "library",
            "extra": {
                "thanks": {
                    "url": "https://github.com/symfony/contracts",
                    "name": "symfony/contracts"
                },
                "branch-alias": {
                    "dev-main": "3.6-dev"
                }
            },
            "autoload": {
                "files": [
                    "function.php"
                ]
            },
            "notification-url": "https://packagist.org/downloads/",
            "license": [
                "MIT"
            ],
            "authors": [
                {
                    "name": "Nicolas Grekas",
                    "email": "p@tchwork.com"
                },
                {
                    "name": "Symfony Community",
                    "homepage": "https://symfony.com/contributors"
                }
            ],
            "description": "A generic function and convention to trigger deprecation notices",
            "homepage": "https://symfony.com",
            "support": {
                "source": "https://github.com/symfony/deprecation-contracts/tree/v3.6.0"
            },
            "funding": [
                {
                    "url": "https://symfony.com/sponsor",
                    "type": "custom"
                },
                {
                    "url": "https://github.com/fabpot",
                    "type": "github"
                },
                {
                    "url": "https://tidelift.com/funding/github/packagist/symfony/symfony",
                    "type": "tidelift"
                }
            ],
            "time": "2024-09-25T14:21:43+00:00"
        },
        {
            "name": "symfony/options-resolver",
            "version": "v7.3.3",
            "source": {
                "type": "git",
                "url": "https://github.com/symfony/options-resolver.git",
                "reference": "0ff2f5c3df08a395232bbc3c2eb7e84912df911d"
            },
            "dist": {
                "type": "zip",
                "url": "https://api.github.com/repos/symfony/options-resolver/zipball/0ff2f5c3df08a395232bbc3c2eb7e84912df911d",
                "reference": "0ff2f5c3df08a395232bbc3c2eb7e84912df911d",
                "shasum": ""
            },
            "require": {
                "php": ">=8.2",
                "symfony/deprecation-contracts": "^2.5|^3"
            },
            "type": "library",
            "autoload": {
                "psr-4": {
                    "Symfony\\Component\\OptionsResolver\\": ""
                },
                "exclude-from-classmap": [
                    "/Tests/"
                ]
            },
            "notification-url": "https://packagist.org/downloads/",
            "license": [
                "MIT"
            ],
            "authors": [
                {
                    "name": "Fabien Potencier",
                    "email": "fabien@symfony.com"
                },
                {
                    "name": "Symfony Community",
                    "homepage": "https://symfony.com/contributors"
                }
            ],
            "description": "Provides an improved replacement for the array_replace PHP function",
            "homepage": "https://symfony.com",
            "keywords": [
                "config",
                "configuration",
                "options"
            ],
            "support": {
                "source": "https://github.com/symfony/options-resolver/tree/v7.3.3"
            },
            "funding": [
                {
                    "url": "https://symfony.com/sponsor",
                    "type": "custom"
                },
                {
                    "url": "https://github.com/fabpot",
                    "type": "github"
                },
                {
                    "url": "https://github.com/nicolas-grekas",
                    "type": "github"
                },
                {
                    "url": "https://tidelift.com/funding/github/packagist/symfony/symfony",
                    "type": "tidelift"
                }
            ],
            "time": "2025-08-05T10:16:07+00:00"
        },
        {
            "name": "tubalmartin/cssmin",
            "version": "v4.1.1",
            "source": {
                "type": "git",
                "url": "https://github.com/tubalmartin/YUI-CSS-compressor-PHP-port.git",
                "reference": "3cbf557f4079d83a06f9c3ff9b957c022d7805cf"
            },
            "dist": {
                "type": "zip",
                "url": "https://api.github.com/repos/tubalmartin/YUI-CSS-compressor-PHP-port/zipball/3cbf557f4079d83a06f9c3ff9b957c022d7805cf",
                "reference": "3cbf557f4079d83a06f9c3ff9b957c022d7805cf",
                "shasum": ""
            },
            "require": {
                "ext-pcre": "*",
                "php": ">=5.3.2"
            },
            "require-dev": {
                "cogpowered/finediff": "0.3.*",
                "phpunit/phpunit": "4.8.*"
            },
            "bin": [
                "cssmin"
            ],
            "type": "library",
            "autoload": {
                "psr-4": {
                    "tubalmartin\\CssMin\\": "src"
                }
            },
            "notification-url": "https://packagist.org/downloads/",
            "license": [
                "BSD-3-Clause"
            ],
            "authors": [
                {
                    "name": "Túbal Martín",
                    "homepage": "http://tubalmartin.me/"
                }
            ],
            "description": "A PHP port of the YUI CSS compressor",
            "homepage": "https://github.com/tubalmartin/YUI-CSS-compressor-PHP-port",
            "keywords": [
                "compress",
                "compressor",
                "css",
                "cssmin",
                "minify",
                "yui"
            ],
            "support": {
                "issues": "https://github.com/tubalmartin/YUI-CSS-compressor-PHP-port/issues",
                "source": "https://github.com/tubalmartin/YUI-CSS-compressor-PHP-port"
            },
            "time": "2018-01-15T15:26:51+00:00"
        },
        {
            "name": "wa72/html-pretty-min",
            "version": "v0.3.1",
            "source": {
                "type": "git",
                "url": "https://github.com/wasinger/html-pretty-min.git",
                "reference": "5b14617d1f515f1d166c883b58746e8b34eca499"
            },
            "dist": {
                "type": "zip",
                "url": "https://api.github.com/repos/wasinger/html-pretty-min/zipball/5b14617d1f515f1d166c883b58746e8b34eca499",
                "reference": "5b14617d1f515f1d166c883b58746e8b34eca499",
                "shasum": ""
            },
            "require": {
                "mrclay/jsmin-php": "^2.3",
                "php": ">=8",
                "symfony/options-resolver": ">=2.3",
                "tubalmartin/cssmin": "^4"
            },
            "require-dev": {
                "phpunit/phpunit": "^9"
            },
            "type": "library",
            "autoload": {
                "psr-4": {
                    "Wa72\\HtmlPrettymin\\": ""
                }
            },
            "notification-url": "https://packagist.org/downloads/",
            "license": [
                "MIT"
            ],
            "authors": [
                {
                    "name": "Christoph Singer",
                    "email": "singer@webagentur72.de"
                }
            ],
            "description": "HTML minifier and indenter that works on the DOM tree",
            "support": {
                "issues": "https://github.com/wasinger/html-pretty-min/issues",
                "source": "https://github.com/wasinger/html-pretty-min/tree/v0.3.1"
            },
            "time": "2025-02-08T12:20:34+00:00"
        }
    ],
    "packages-dev": [],
    "aliases": [],
    "minimum-stability": "stable",
    "stability-flags": [],
    "prefer-stable": false,
    "prefer-lowest": false,
    "platform": {
        "php": ">=8.1"
    },
    "platform-dev": [],
    "plugin-api-version": "2.6.0"
}
